# THIS IS AN AUTOGENERATED FILE. DO NOT EDIT THIS FILE DIRECTLY.
# yarn lockfile v1


three@^0.142.0:
  version "0.142.0"
  resolved "https://registry.yarnpkg.com/three/-/three-0.142.0.tgz#89e226a16221f212eb1d40f0786604b711f28aed"
  integrity sha512-ESjPO+3geFr+ZUfVMpMnF/eVU2uJPOh0e2ZpMFqjNca1wApS9lJb7E4MjwGIczgt9iuKd8PEm6Pfgp2bJ92Xtg==
